
Microsoft Visual Studio Solution File, Format Version 12.00
# Visual Studio 15
VisualStudioVersion = 15.0.27130.2036
MinimumVisualStudioVersion = 10.0.40219.1
Project("{FAE04EC0-301F-11D3-BF4B-00C04F79EFBC}") = "WindowsFormsControlLibrary1", "WindowsFormsControlLibrary1\WindowsFormsControlLibrary1.csproj", "{7DEC4F73-4684-4A88-A7F6-0A359AEFA797}"
EndProject
Global
	GlobalSection(SolutionConfigurationPlatforms) = preSolution
		Debug|Any CPU = Debug|Any CPU
		Release|Any CPU = Release|Any CPU
	EndGlobalSection
	GlobalSection(ProjectConfigurationPlatforms) = postSolution
		{7DEC4F73-4684-4A88-A7F6-0A359AEFA797}.Debug|Any CPU.ActiveCfg = Debug|Any CPU
		{7DEC4F73-4684-4A88-A7F6-0A359AEFA797}.Debug|Any CPU.Build.0 = Debug|Any CPU
		{7DEC4F73-4684-4A88-A7F6-0A359AEFA797}.Release|Any CPU.ActiveCfg = Release|Any CPU
		{7DEC4F73-4684-4A88-A7F6-0A359AEFA797}.Release|Any CPU.Build.0 = Release|Any CPU
	EndGlobalSection
	GlobalSection(SolutionProperties) = preSolution
		HideSolutionNode = FALSE
	EndGlobalSection
	GlobalSection(ExtensibilityGlobals) = postSolution
		SolutionGuid = {3261E594-29D2-44E5-B8B2-F2D8FCC25680}
	EndGlobalSection
EndGlobal
